
Microsoft Visual Studio Solution File, Format Version 12.00
# Visual Studio 15
VisualStudioVersion = 15.0.27428.2015
MinimumVisualStudioVersion = 10.0.40219.1
Project("{8BC9CEB8-8B4A-11D0-8D11-00A0C91BC942}") = "Camera", "Camera\Camera.vcxproj", "{088131CC-43D8-410C-8E62-9F0349254332}"
EndProject
Project("{8BC9CEB8-8B4A-11D0-8D11-00A0C91BC942}") = "Hello", "Hello\Hello.vcxproj", "{780FCA00-05A6-4C78-AC1F-91E0E0A3438B}"
EndProject
Project("{8BC9CEB8-8B4A-11D0-8D11-00A0C91BC942}") = "Fun", "Fun\Fun.vcxproj", "{E6CD868F-02B9-416A-A408-B1A7DF5984FB}"
EndProject
Project("{8BC9CEB8-8B4A-11D0-8D11-00A0C91BC942}") = "GameST", "GameST\GameST.vcxproj", "{1D01DC1C-8EA1-44A5-9FBC-F6F486F13AD9}"
EndProject
Global
	GlobalSection(SolutionConfigurationPlatforms) = preSolution
		Debug|x64 = Debug|x64
		Debug|x86 = Debug|x86
		Release|x64 = Release|x64
		Release|x86 = Release|x86
	EndGlobalSection
	GlobalSection(ProjectConfigurationPlatforms) = postSolution
		{088131CC-43D8-410C-8E62-9F0349254332}.Debug|x64.ActiveCfg = Debug|x64
		{088131CC-43D8-410C-8E62-9F0349254332}.Debug|x64.Build.0 = Debug|x64
		{088131CC-43D8-410C-8E62-9F0349254332}.Debug|x86.ActiveCfg = Debug|Win32
		{088131CC-43D8-410C-8E62-9F0349254332}.Debug|x86.Build.0 = Debug|Win32
		{088131CC-43D8-410C-8E62-9F0349254332}.Release|x64.ActiveCfg = Release|x64
		{088131CC-43D8-410C-8E62-9F0349254332}.Release|x64.Build.0 = Release|x64
		{088131CC-43D8-410C-8E62-9F0349254332}.Release|x86.ActiveCfg = Release|Win32
		{088131CC-43D8-410C-8E62-9F0349254332}.Release|x86.Build.0 = Release|Win32
		{780FCA00-05A6-4C78-AC1F-91E0E0A3438B}.Debug|x64.ActiveCfg = Debug|x64
		{780FCA00-05A6-4C78-AC1F-91E0E0A3438B}.Debug|x64.Build.0 = Debug|x64
		{780FCA00-05A6-4C78-AC1F-91E0E0A3438B}.Debug|x86.ActiveCfg = Debug|Win32
		{780FCA00-05A6-4C78-AC1F-91E0E0A3438B}.Debug|x86.Build.0 = Debug|Win32
		{780FCA00-05A6-4C78-AC1F-91E0E0A3438B}.Release|x64.ActiveCfg = Release|x64
		{780FCA00-05A6-4C78-AC1F-91E0E0A3438B}.Release|x64.Build.0 = Release|x64
		{780FCA00-05A6-4C78-AC1F-91E0E0A3438B}.Release|x86.ActiveCfg = Release|Win32
		{780FCA00-05A6-4C78-AC1F-91E0E0A3438B}.Release|x86.Build.0 = Release|Win32
		{E6CD868F-02B9-416A-A408-B1A7DF5984FB}.Debug|x64.ActiveCfg = Debug|x64
		{E6CD868F-02B9-416A-A408-B1A7DF5984FB}.Debug|x64.Build.0 = Debug|x64
		{E6CD868F-02B9-416A-A408-B1A7DF5984FB}.Debug|x86.ActiveCfg = Debug|Win32
		{E6CD868F-02B9-416A-A408-B1A7DF5984FB}.Debug|x86.Build.0 = Debug|Win32
		{E6CD868F-02B9-416A-A408-B1A7DF5984FB}.Release|x64.ActiveCfg = Release|x64
		{E6CD868F-02B9-416A-A408-B1A7DF5984FB}.Release|x64.Build.0 = Release|x64
		{E6CD868F-02B9-416A-A408-B1A7DF5984FB}.Release|x86.ActiveCfg = Release|Win32
		{E6CD868F-02B9-416A-A408-B1A7DF5984FB}.Release|x86.Build.0 = Release|Win32
		{1D01DC1C-8EA1-44A5-9FBC-F6F486F13AD9}.Debug|x64.ActiveCfg = Debug|x64
		{1D01DC1C-8EA1-44A5-9FBC-F6F486F13AD9}.Debug|x64.Build.0 = Debug|x64
		{1D01DC1C-8EA1-44A5-9FBC-F6F486F13AD9}.Debug|x86.ActiveCfg = Debug|Win32
		{1D01DC1C-8EA1-44A5-9FBC-F6F486F13AD9}.Debug|x86.Build.0 = Debug|Win32
		{1D01DC1C-8EA1-44A5-9FBC-F6F486F13AD9}.Release|x64.ActiveCfg = Release|x64
		{1D01DC1C-8EA1-44A5-9FBC-F6F486F13AD9}.Release|x64.Build.0 = Release|x64
		{1D01DC1C-8EA1-44A5-9FBC-F6F486F13AD9}.Release|x86.ActiveCfg = Release|Win32
		{1D01DC1C-8EA1-44A5-9FBC-F6F486F13AD9}.Release|x86.Build.0 = Release|Win32
	EndGlobalSection
	GlobalSection(SolutionProperties) = preSolution
		HideSolutionNode = FALSE
	EndGlobalSection
	GlobalSection(ExtensibilityGlobals) = postSolution
		SolutionGuid = {9BB22792-5A8B-4F69-B7BF-6B5EA54A5E1B}
	EndGlobalSection
EndGlobal
